PODS:
  - FMDB (2.7.5):
    - FMDB/standard (= 2.7.5)
  - FMDB/standard (2.7.5)

DEPENDENCIES:
  - FMDB

SPEC REPOS:
  https://github.com/cocoapods/specs.git:
    - FMDB

SPEC CHECKSUMS:
  FMDB: 2ce00b547f966261cd18927a3ddb07cb6f3db82a

PODFILE CHECKSUM: 6ecc73be85ef336df27a4affd20bf3782a46ccce

COCOAPODS: 1.5.3
